
Microsoft Visual Studio Solution File, Format Version 12.00
# Visual Studio 15
VisualStudioVersion = 15.0.27428.2037
MinimumVisualStudioVersion = 10.0.40219.1
Project("{FAE04EC0-301F-11D3-BF4B-00C04F79EFBC}") = "Entidades", "Tp Nro 1 laboratorio 2\Entidades.csproj", "{C25CB8FD-BF80-4ECA-81CB-1394371DEF80}"
EndProject
Global
	GlobalSection(SolutionConfigurationPlatforms) = preSolution
		Debug|Any CPU = Debug|Any CPU
		Release|Any CPU = Release|Any CPU
	EndGlobalSection
	GlobalSection(ProjectConfigurationPlatforms) = postSolution
		{C25CB8FD-BF80-4ECA-81CB-1394371DEF80}.Debug|Any CPU.ActiveCfg = Debug|Any CPU
		{C25CB8FD-BF80-4ECA-81CB-1394371DEF80}.Debug|Any CPU.Build.0 = Debug|Any CPU
		{C25CB8FD-BF80-4ECA-81CB-1394371DEF80}.Release|Any CPU.ActiveCfg = Release|Any CPU
		{C25CB8FD-BF80-4ECA-81CB-1394371DEF80}.Release|Any CPU.Build.0 = Release|Any CPU
	EndGlobalSection
	GlobalSection(SolutionProperties) = preSolution
		HideSolutionNode = FALSE
	EndGlobalSection
	GlobalSection(ExtensibilityGlobals) = postSolution
		SolutionGuid = {21B93FB0-F8C6-4008-B95C-684E430FFC91}
	EndGlobalSection
EndGlobal
